
Microsoft Visual Studio Solution File, Format Version 12.00
# Visual Studio Version 16
VisualStudioVersion = 16.0.29409.12
MinimumVisualStudioVersion = 10.0.40219.1
Project("{FAE04EC0-301F-11D3-BF4B-00C04F79EFBC}") = "Prob1", "Prob1\Prob1.csproj", "{3CB3FDAB-2CCB-43B0-8BEC-3883F8AD7C8C}"
EndProject
Project("{FAE04EC0-301F-11D3-BF4B-00C04F79EFBC}") = "Prob2", "Prob2\Prob2.csproj", "{9B1CA233-AC05-4781-985D-71F2C7A4FCE2}"
EndProject
Project("{FAE04EC0-301F-11D3-BF4B-00C04F79EFBC}") = "Prob3", "Dictionary\Prob3.csproj", "{A7AB8D1B-0473-4E32-93F3-2D8F4C935373}"
EndProject
Project("{FAE04EC0-301F-11D3-BF4B-00C04F79EFBC}") = "Prob4", "Prob4\Prob4.csproj", "{2B625D3E-8644-4BB1-9CA4-6CA7B8C5EE75}"
EndProject
Global
	GlobalSection(SolutionConfigurationPlatforms) = preSolution
		Debug|Any CPU = Debug|Any CPU
		Release|Any CPU = Release|Any CPU
	EndGlobalSection
	GlobalSection(ProjectConfigurationPlatforms) = postSolution
		{3CB3FDAB-2CCB-43B0-8BEC-3883F8AD7C8C}.Debug|Any CPU.ActiveCfg = Debug|Any CPU
		{3CB3FDAB-2CCB-43B0-8BEC-3883F8AD7C8C}.Debug|Any CPU.Build.0 = Debug|Any CPU
		{3CB3FDAB-2CCB-43B0-8BEC-3883F8AD7C8C}.Release|Any CPU.ActiveCfg = Release|Any CPU
		{3CB3FDAB-2CCB-43B0-8BEC-3883F8AD7C8C}.Release|Any CPU.Build.0 = Release|Any CPU
		{9B1CA233-AC05-4781-985D-71F2C7A4FCE2}.Debug|Any CPU.ActiveCfg = Debug|Any CPU
		{9B1CA233-AC05-4781-985D-71F2C7A4FCE2}.Debug|Any CPU.Build.0 = Debug|Any CPU
		{9B1CA233-AC05-4781-985D-71F2C7A4FCE2}.Release|Any CPU.ActiveCfg = Release|Any CPU
		{9B1CA233-AC05-4781-985D-71F2C7A4FCE2}.Release|Any CPU.Build.0 = Release|Any CPU
		{A7AB8D1B-0473-4E32-93F3-2D8F4C935373}.Debug|Any CPU.ActiveCfg = Debug|Any CPU
		{A7AB8D1B-0473-4E32-93F3-2D8F4C935373}.Debug|Any CPU.Build.0 = Debug|Any CPU
		{A7AB8D1B-0473-4E32-93F3-2D8F4C935373}.Release|Any CPU.ActiveCfg = Release|Any CPU
		{A7AB8D1B-0473-4E32-93F3-2D8F4C935373}.Release|Any CPU.Build.0 = Release|Any CPU
		{2B625D3E-8644-4BB1-9CA4-6CA7B8C5EE75}.Debug|Any CPU.ActiveCfg = Debug|Any CPU
		{2B625D3E-8644-4BB1-9CA4-6CA7B8C5EE75}.Debug|Any CPU.Build.0 = Debug|Any CPU
		{2B625D3E-8644-4BB1-9CA4-6CA7B8C5EE75}.Release|Any CPU.ActiveCfg = Release|Any CPU
		{2B625D3E-8644-4BB1-9CA4-6CA7B8C5EE75}.Release|Any CPU.Build.0 = Release|Any CPU
	EndGlobalSection
	GlobalSection(SolutionProperties) = preSolution
		HideSolutionNode = FALSE
	EndGlobalSection
	GlobalSection(ExtensibilityGlobals) = postSolution
		SolutionGuid = {6EB3BF2C-83CC-4E76-928F-1BD13F8C8D20}
	EndGlobalSection
EndGlobal
